// !$*UTF8*$!
{
	archiveVersion = 1;
	classes = {
	};
	objectVersion = 50;
	objects = {

/* Begin PBXBuildFile section */
		3BA455C726F926FE00591072 /* RecipeDetailView.swift in Sources */ = {isa = PBXBuildFile; fileRef = 3BA455C626F926FE00591072 /* RecipeDetailView.swift */; };
		3BA4563426FD132000591072 /* RecipeTabView.swift in Sources */ = {isa = PBXBuildFile; fileRef = 3BA4563326FD132000591072 /* RecipeTabView.swift */; };
		3BA4568C26FE3FAD00591072 /* Ingredient.swift in Sources */ = {isa = PBXBuildFile; fileRef = 3BA4568B26FE3FAD00591072 /* Ingredient.swift */; };
		3BA4568F26FE42C300591072 /* RecipeFeaturedView.swift in Sources */ = {isa = PBXBuildFile; fileRef = 3BA4568E26FE42C300591072 /* RecipeFeaturedView.swift */; };
		3BF701BC26F8FE5A00B8C616 /* Recipe_List_App.swift in Sources */ = {isa = PBXBuildFile; fileRef = 3BF701BB26F8FE5A00B8C616 /* Recipe_List_App.swift */; };
		3BF701BE26F8FE5A00B8C616 /* RecipeListView.swift in Sources */ = {isa = PBXBuildFile; fileRef = 3BF701BD26F8FE5A00B8C616 /* RecipeListView.swift */; };
		3BF701C026F8FE6700B8C616 /* Assets.xcassets in Resources */ = {isa = PBXBuildFile; fileRef = 3BF701BF26F8FE6700B8C616 /* Assets.xcassets */; };
		3BF701C326F8FE6700B8C616 /* Preview Assets.xcassets in Resources */ = {isa = PBXBuildFile; fileRef = 3BF701C226F8FE6700B8C616 /* Preview Assets.xcassets */; };
		3BF701D226F9138800B8C616 /* recipes.json in Resources */ = {isa = PBXBuildFile; fileRef = 3BF701D126F9138800B8C616 /* recipes.json */; };
		3BF701D526F913D600B8C616 /* Recipe.swift in Sources */ = {isa = PBXBuildFile; fileRef = 3BF701D426F913D600B8C616 /* Recipe.swift */; };
		3BF701D926F914F000B8C616 /* RecipeModel.swift in Sources */ = {isa = PBXBuildFile; fileRef = 3BF701D826F914F000B8C616 /* RecipeModel.swift */; };
		3BF701DD26F9163700B8C616 /* DataService.swift in Sources */ = {isa = PBXBuildFile; fileRef = 3BF701DC26F9163700B8C616 /* DataService.swift */; };
/* End PBXBuildFile section */

/* Begin PBXFileReference section */
		3BA455C626F926FE00591072 /* RecipeDetailView.swift */ = {isa = PBXFileReference; lastKnownFileType = sourcecode.swift; path = RecipeDetailView.swift; sourceTree = "<group>"; };
		3BA4563326FD132000591072 /* RecipeTabView.swift */ = {isa = PBXFileReference; lastKnownFileType = sourcecode.swift; path = RecipeTabView.swift; sourceTree = "<group>"; };
		3BA4568B26FE3FAD00591072 /* Ingredient.swift */ = {isa = PBXFileReference; lastKnownFileType = sourcecode.swift; path = Ingredient.swift; sourceTree = "<group>"; };
		3BA4568E26FE42C300591072 /* RecipeFeaturedView.swift */ = {isa = PBXFileReference; lastKnownFileType = sourcecode.swift; path = RecipeFeaturedView.swift; sourceTree = "<group>"; };
		3BF701B826F8FE5A00B8C616 /* recipe list app.app */ = {isa = PBXFileReference; explicitFileType = wrapper.application; includeInIndex = 0; path = "recipe list app.app"; sourceTree = BUILT_PRODUCTS_DIR; };
		3BF701BB26F8FE5A00B8C616 /* Recipe_List_App.swift */ = {isa = PBXFileReference; lastKnownFileType = sourcecode.swift; path = Recipe_List_App.swift; sourceTree = "<group>"; };
		3BF701BD26F8FE5A00B8C616 /* RecipeListView.swift */ = {isa = PBXFileReference; lastKnownFileType = sourcecode.swift; path = RecipeListView.swift; sourceTree = "<group>"; };
		3BF701BF26F8FE6700B8C616 /* Assets.xcassets */ = {isa = PBXFileReference; lastKnownFileType = folder.assetcatalog; path = Assets.xcassets; sourceTree = "<group>"; };
		3BF701C226F8FE6700B8C616 /* Preview Assets.xcassets */ = {isa = PBXFileReference; lastKnownFileType = folder.assetcatalog; path = "Preview Assets.xcassets"; sourceTree = "<group>"; };
		3BF701C426F8FE6700B8C616 /* Info.plist */ = {isa = PBXFileReference; lastKnownFileType = text.plist.xml; path = Info.plist; sourceTree = "<group>"; };
		3BF701D126F9138800B8C616 /* recipes.json */ = {isa = PBXFileReference; fileEncoding = 4; lastKnownFileType = text.json; path = recipes.json; sourceTree = "<group>"; };
		3BF701D426F913D600B8C616 /* Recipe.swift */ = {isa = PBXFileReference; lastKnownFileType = sourcecode.swift; path = Recipe.swift; sourceTree = "<group>"; };
		3BF701D826F914F000B8C616 /* RecipeModel.swift */ = {isa = PBXFileReference; lastKnownFileType = sourcecode.swift; path = RecipeModel.swift; sourceTree = "<group>"; };
		3BF701DC26F9163700B8C616 /* DataService.swift */ = {isa = PBXFileReference; lastKnownFileType = sourcecode.swift; path = DataService.swift; sourceTree = "<group>"; };
/* End PBXFileReference section */

/* Begin PBXFrameworksBuildPhase section */
		3BF701B526F8FE5A00B8C616 /* Frameworks */ = {
			isa = PBXFrameworksBuildPhase;
			buildActionMask = 2147483647;
			files = (
			);
			runOnlyForDeploymentPostprocessing = 0;
		};
/* End PBXFrameworksBuildPhase section */

/* Begin PBXGroup section */
		3BF701AF26F8FE5A00B8C616 = {
			isa = PBXGroup;
			children = (
				3BF701BA26F8FE5A00B8C616 /* recipe list app */,
				3BF701B926F8FE5A00B8C616 /* Products */,
			);
			sourceTree = "<group>";
		};
		3BF701B926F8FE5A00B8C616 /* Products */ = {
			isa = PBXGroup;
			children = (
				3BF701B826F8FE5A00B8C616 /* recipe list app.app */,
			);
			name = Products;
			sourceTree = "<group>";
		};
		3BF701BA26F8FE5A00B8C616 /* recipe list app */ = {
			isa = PBXGroup;
			children = (
				3BF701BB26F8FE5A00B8C616 /* Recipe_List_App.swift */,
				3BF701CC26F9129100B8C616 /* Views */,
				3BF701CD26F9129C00B8C616 /* ViewModels */,
				3BF701CE26F912A200B8C616 /* Models */,
				3BF701D026F912AE00B8C616 /* Services */,
				3BF701CF26F912A700B8C616 /* Data */,
				3BF701BF26F8FE6700B8C616 /* Assets.xcassets */,
				3BF701C426F8FE6700B8C616 /* Info.plist */,
				3BF701C126F8FE6700B8C616 /* Preview Content */,
			);
			path = "recipe list app";
			sourceTree = "<group>";
		};
		3BF701C126F8FE6700B8C616 /* Preview Content */ = {
			isa = PBXGroup;
			children = (
				3BF701C226F8FE6700B8C616 /* Preview Assets.xcassets */,
			);
			path = "Preview Content";
			sourceTree = "<group>";
		};
		3BF701CC26F9129100B8C616 /* Views */ = {
			isa = PBXGroup;
			children = (
				3BA4563326FD132000591072 /* RecipeTabView.swift */,
				3BA4568E26FE42C300591072 /* RecipeFeaturedView.swift */,
				3BF701BD26F8FE5A00B8C616 /* RecipeListView.swift */,
				3BA455C626F926FE00591072 /* RecipeDetailView.swift */,
			);
			path = Views;
			sourceTree = "<group>";
		};
		3BF701CD26F9129C00B8C616 /* ViewModels */ = {
			isa = PBXGroup;
			children = (
				3BF701D826F914F000B8C616 /* RecipeModel.swift */,
			);
			path = ViewModels;
			sourceTree = "<group>";
		};
		3BF701CE26F912A200B8C616 /* Models */ = {
			isa = PBXGroup;
			children = (
				3BF701D426F913D600B8C616 /* Recipe.swift */,
				3BA4568B26FE3FAD00591072 /* Ingredient.swift */,
			);
			path = Models;
			sourceTree = "<group>";
		};
		3BF701CF26F912A700B8C616 /* Data */ = {
			isa = PBXGroup;
			children = (
				3BF701D126F9138800B8C616 /* recipes.json */,
			);
			path = Data;
			sourceTree = "<group>";
		};
		3BF701D026F912AE00B8C616 /* Services */ = {
			isa = PBXGroup;
			children = (
				3BF701DC26F9163700B8C616 /* DataService.swift */,
			);
			path = Services;
			sourceTree = "<group>";
		};
/* End PBXGroup section */

/* Begin PBXNativeTarget section */
		3BF701B726F8FE5A00B8C616 /* recipe list app */ = {
			isa = PBXNativeTarget;
			buildConfigurationList = 3BF701C726F8FE6700B8C616 /* Build configuration list for PBXNativeTarget "recipe list app" */;
			buildPhases = (
				3BF701B426F8FE5A00B8C616 /* Sources */,
				3BF701B526F8FE5A00B8C616 /* Frameworks */,
				3BF701B626F8FE5A00B8C616 /* Resources */,
			);
			buildRules = (
			);
			dependencies = (
			);
			name = "recipe list app";
			productName = "recipe list app";
			productReference = 3BF701B826F8FE5A00B8C616 /* recipe list app.app */;
			productType = "com.apple.product-type.application";
		};
/* End PBXNativeTarget section */

/* Begin PBXProject section */
		3BF701B026F8FE5A00B8C616 /* Project object */ = {
			isa = PBXProject;
			attributes = {
				LastSwiftUpdateCheck = 1240;
				LastUpgradeCheck = 1240;
				TargetAttributes = {
					3BF701B726F8FE5A00B8C616 = {
						CreatedOnToolsVersion = 12.4;
					};
				};
			};
			buildConfigurationList = 3BF701B326F8FE5A00B8C616 /* Build configuration list for PBXProject "recipe list app" */;
			compatibilityVersion = "Xcode 9.3";
			developmentRegion = en;
			hasScannedForEncodings = 0;
			knownRegions = (
				en,
				Base,
			);
			mainGroup = 3BF701AF26F8FE5A00B8C616;
			productRefGroup = 3BF701B926F8FE5A00B8C616 /* Products */;
			projectDirPath = "";
			projectRoot = "";
			targets = (
				3BF701B726F8FE5A00B8C616 /* recipe list app */,
			);
		};
/* End PBXProject section */

/* Begin PBXResourcesBuildPhase section */
		3BF701B626F8FE5A00B8C616 /* Resources */ = {
			isa = PBXResourcesBuildPhase;
			buildActionMask = 2147483647;
			files = (
				3BF701C326F8FE6700B8C616 /* Preview Assets.xcassets in Resources */,
				3BF701D226F9138800B8C616 /* recipes.json in Resources */,
				3BF701C026F8FE6700B8C616 /* Assets.xcassets in Resources */,
			);
			runOnlyForDeploymentPostprocessing = 0;
		};
/* End PBXResourcesBuildPhase section */

/* Begin PBXSourcesBuildPhase section */
		3BF701B426F8FE5A00B8C616 /* Sources */ = {
			isa = PBXSourcesBuildPhase;
			buildActionMask = 2147483647;
			files = (
				3BF701D526F913D600B8C616 /* Recipe.swift in Sources */,
				3BA455C726F926FE00591072 /* RecipeDetailView.swift in Sources */,
				3BF701D926F914F000B8C616 /* RecipeModel.swift in Sources */,
				3BF701BE26F8FE5A00B8C616 /* RecipeListView.swift in Sources */,
				3BA4568C26FE3FAD00591072 /* Ingredient.swift in Sources */,
				3BA4568F26FE42C300591072 /* RecipeFeaturedView.swift in Sources */,
				3BF701BC26F8FE5A00B8C616 /* Recipe_List_App.swift in Sources */,
				3BF701DD26F9163700B8C616 /* DataService.swift in Sources */,
				3BA4563426FD132000591072 /* RecipeTabView.swift in Sources */,
			);
			runOnlyForDeploymentPostprocessing = 0;
		};
/* End PBXSourcesBuildPhase section */

/* Begin XCBuildConfiguration section */
		3BF701C526F8FE6700B8C616 /* Debug */ = {
			isa = XCBuildConfiguration;
			buildSettings = {
				ALWAYS_SEARCH_USER_PATHS = NO;
				CLANG_ANALYZER_NONNULL = YES;
				CLANG_ANALYZER_NUMBER_OBJECT_CONVERSION = YES_AGGRESSIVE;
				CLANG_CXX_LANGUAGE_STANDARD = "gnu++14";
				CLANG_CXX_LIBRARY = "libc++";
				CLANG_ENABLE_MODULES = YES;
				CLANG_ENABLE_OBJC_ARC = YES;
				CLANG_ENABLE_OBJC_WEAK = YES;
				CLANG_WARN_BLOCK_CAPTURE_AUTORELEASING = YES;
				CLANG_WARN_BOOL_CONVERSION = YES;
				CLANG_WARN_COMMA = YES;
				CLANG_WARN_CONSTANT_CONVERSION = YES;
				CLANG_WARN_DEPRECATED_OBJC_IMPLEMENTATIONS = YES;
				CLANG_WARN_DIRECT_OBJC_ISA_USAGE = YES_ERROR;
				CLANG_WARN_DOCUMENTATION_COMMENTS = YES;
				CLANG_WARN_EMPTY_BODY = YES;
				CLANG_WARN_ENUM_CONVERSION = YES;
				CLANG_WARN_INFINITE_RECURSION = YES;
				CLANG_WARN_INT_CONVERSION = YES;
				CLANG_WARN_NON_LITERAL_NULL_CONVERSION = YES;
				CLANG_WARN_OBJC_IMPLICIT_RETAIN_SELF = YES;
				CLANG_WARN_OBJC_LITERAL_CONVERSION = YES;
				CLANG_WARN_OBJC_ROOT_CLASS = YES_ERROR;
				CLANG_WARN_QUOTED_INCLUDE_IN_FRAMEWORK_HEADER = YES;
				CLANG_WARN_RANGE_LOOP_ANALYSIS = YES;
				CLANG_WARN_STRICT_PROTOTYPES = YES;
				CLANG_WARN_SUSPICIOUS_MOVE = YES;
				CLANG_WARN_UNGUARDED_AVAILABILITY = YES_AGGRESSIVE;
				CLANG_WARN_UNREACHABLE_CODE = YES;
				CLANG_WARN__DUPLICATE_METHOD_MATCH = YES;
				COPY_PHASE_STRIP = NO;
				DEBUG_INFORMATION_FORMAT = dwarf;
				ENABLE_STRICT_OBJC_MSGSEND = YES;
				ENABLE_TESTABILITY = YES;
				GCC_C_LANGUAGE_STANDARD = gnu11;
				GCC_DYNAMIC_NO_PIC = NO;
				GCC_NO_COMMON_BLOCKS = YES;
				GCC_OPTIMIZATION_LEVEL = 0;
				GCC_PREPROCESSOR_DEFINITIONS = (
					"DEBUG=1",
					"$(inherited)",
				);
				GCC_WARN_64_TO_32_BIT_CONVERSION = YES;
				GCC_WARN_ABOUT_RETURN_TYPE = YES_ERROR;
				GCC_WARN_UNDECLARED_SELECTOR = YES;
				GCC_WARN_UNINITIALIZED_AUTOS = YES_AGGRESSIVE;
				GCC_WARN_UNUSED_FUNCTION = YES;
				GCC_WARN_UNUSED_VARIABLE = YES;
				IPHONEOS_DEPLOYMENT_TARGET = 14.4;
				MTL_ENABLE_DEBUG_INFO = INCLUDE_SOURCE;
				MTL_FAST_MATH = YES;
				ONLY_ACTIVE_ARCH = YES;
				SDKROOT = iphoneos;
				SWIFT_ACTIVE_COMPILATION_CONDITIONS = DEBUG;
				SWIFT_OPTIMIZATION_LEVEL = "-Onone";
			};
			name = Debug;
		};
		3BF701C626F8FE6700B8C616 /* Release */ = {
			isa = XCBuildConfiguration;
			buildSettings = {
				ALWAYS_SEARCH_USER_PATHS = NO;
				CLANG_ANALYZER_NONNULL = YES;
				CLANG_ANALYZER_NUMBER_OBJECT_CONVERSION = YES_AGGRESSIVE;
				CLANG_CXX_LANGUAGE_STANDARD = "gnu++14";
				CLANG_CXX_LIBRARY = "libc++";
				CLANG_ENABLE_MODULES = YES;
				CLANG_ENABLE_OBJC_ARC = YES;
				CLANG_ENABLE_OBJC_WEAK = YES;
				CLANG_WARN_BLOCK_CAPTURE_AUTORELEASING = YES;
				CLANG_WARN_BOOL_CONVERSION = YES;
				CLANG_WARN_COMMA = YES;
				CLANG_WARN_CONSTANT_CONVERSION = YES;
				CLANG_WARN_DEPRECATED_OBJC_IMPLEMENTATIONS = YES;
				CLANG_WARN_DIRECT_OBJC_ISA_USAGE = YES_ERROR;
				CLANG_WARN_DOCUMENTATION_COMMENTS = YES;
				CLANG_WARN_EMPTY_BODY = YES;
				CLANG_WARN_ENUM_CONVERSION = YES;
				CLANG_WARN_INFINITE_RECURSION = YES;
				CLANG_WARN_INT_CONVERSION = YES;
				CLANG_WARN_NON_LITERAL_NULL_CONVERSION = YES;
				CLANG_WARN_OBJC_IMPLICIT_RETAIN_SELF = YES;
				CLANG_WARN_OBJC_LITERAL_CONVERSION = YES;
				CLANG_WARN_OBJC_ROOT_CLASS = YES_ERROR;
				CLANG_WARN_QUOTED_INCLUDE_IN_FRAMEWORK_HEADER = YES;
				CLANG_WARN_RANGE_LOOP_ANALYSIS = YES;
				CLANG_WARN_STRICT_PROTOTYPES = YES;
				CLANG_WARN_SUSPICIOUS_MOVE = YES;
				CLANG_WARN_UNGUARDED_AVAILABILITY = YES_AGGRESSIVE;
				CLANG_WARN_UNREACHABLE_CODE = YES;
				CLANG_WARN__DUPLICATE_METHOD_MATCH = YES;
				COPY_PHASE_STRIP = NO;
				DEBUG_INFORMATION_FORMAT = "dwarf-with-dsym";
				ENABLE_NS_ASSERTIONS = NO;
				ENABLE_STRICT_OBJC_MSGSEND = YES;
				GCC_C_LANGUAGE_STANDARD = gnu11;
				GCC_NO_COMMON_BLOCKS = YES;
				GCC_WARN_64_TO_32_BIT_CONVERSION = YES;
				GCC_WARN_ABOUT_RETURN_TYPE = YES_ERROR;
				GCC_WARN_UNDECLARED_SELECTOR = YES;
				GCC_WARN_UNINITIALIZED_AUTOS = YES_AGGRESSIVE;
				GCC_WARN_UNUSED_FUNCTION = YES;
				GCC_WARN_UNUSED_VARIABLE = YES;
				IPHONEOS_DEPLOYMENT_TARGET = 14.4;
				MTL_ENABLE_DEBUG_INFO = NO;
				MTL_FAST_MATH = YES;
				SDKROOT = iphoneos;
				SWIFT_COMPILATION_MODE = wholemodule;
				SWIFT_OPTIMIZATION_LEVEL = "-O";
				VALIDATE_PRODUCT = YES;
			};
			name = Release;
		};
		3BF701C826F8FE6700B8C616 /* Debug */ = {
			isa = XCBuildConfiguration;
			buildSettings = {
				ASSETCATALOG_COMPILER_APPICON_NAME = AppIcon;
				ASSETCATALOG_COMPILER_GLOBAL_ACCENT_COLOR_NAME = AccentColor;
				CODE_SIGN_STYLE = Automatic;
				DEVELOPMENT_ASSET_PATHS = "\"recipe list app/Preview Content\"";
				DEVELOPMENT_TEAM = 2EE5SGL7U2;
				ENABLE_PREVIEWS = YES;
				INFOPLIST_FILE = "recipe list app/Info.plist";
				IPHONEOS_DEPLOYMENT_TARGET = 14.0;
				LD_RUNPATH_SEARCH_PATHS = (
					"$(inherited)",
					"@executable_path/Frameworks",
				);
				PRODUCT_BUNDLE_IDENTIFIER = "SB.recipe-list-app";
				PRODUCT_NAME = "$(TARGET_NAME)";
				SWIFT_VERSION = 5.0;
				TARGETED_DEVICE_FAMILY = "1,2";
			};
			name = Debug;
		};
		3BF701C926F8FE6700B8C616 /* Release */ = {
			isa = XCBuildConfiguration;
			buildSettings = {
				ASSETCATALOG_COMPILER_APPICON_NAME = AppIcon;
				ASSETCATALOG_COMPILER_GLOBAL_ACCENT_COLOR_NAME = AccentColor;
				CODE_SIGN_STYLE = Automatic;
				DEVELOPMENT_ASSET_PATHS = "\"recipe list app/Preview Content\"";
				DEVELOPMENT_TEAM = 2EE5SGL7U2;
				ENABLE_PREVIEWS = YES;
				INFOPLIST_FILE = "recipe list app/Info.plist";
				IPHONEOS_DEPLOYMENT_TARGET = 14.0;
				LD_RUNPATH_SEARCH_PATHS = (
					"$(inherited)",
					"@executable_path/Frameworks",
				);
				PRODUCT_BUNDLE_IDENTIFIER = "SB.recipe-list-app";
				PRODUCT_NAME = "$(TARGET_NAME)";
				SWIFT_VERSION = 5.0;
				TARGETED_DEVICE_FAMILY = "1,2";
			};
			name = Release;
		};
/* End XCBuildConfiguration section */

/* Begin XCConfigurationList section */
		3BF701B326F8FE5A00B8C616 /* Build configuration list for PBXProject "recipe list app" */ = {
			isa = XCConfigurationList;
			buildConfigurations = (
				3BF701C526F8FE6700B8C616 /* Debug */,
				3BF701C626F8FE6700B8C616 /* Release */,
			);
			defaultConfigurationIsVisible = 0;
			defaultConfigurationName = Release;
		};
		3BF701C726F8FE6700B8C616 /* Build configuration list for PBXNativeTarget "recipe list app" */ = {
			isa = XCConfigurationList;
			buildConfigurations = (
				3BF701C826F8FE6700B8C616 /* Debug */,
				3BF701C926F8FE6700B8C616 /* Release */,
			);
			defaultConfigurationIsVisible = 0;
			defaultConfigurationName = Release;
		};
/* End XCConfigurationList section */
	};
	rootObject = 3BF701B026F8FE5A00B8C616 /* Project object */;
}
